{
  "lockfile_version": "1",
  "packages": {
    "deno@latest": {
      "last_modified": "2025-02-16T00:50:12Z",
      "resolved": "github:NixOS/nixpkgs/1dcdd535fef84d4671129a10e7072d56dca9a4d3#deno",
      "source": "devbox-search",
      "version": "2.1.10",
      "systems": {
        "aarch64-darwin": {
          "outputs": [
            {
              "name": "out",
              "path": "/nix/store/g9mx656xs52hfjsk0rxqy5lrzx29zpnc-deno-2.1.10",
              "default": true
            }
          ],
          "store_path": "/nix/store/g9mx656xs52hfjsk0rxqy5lrzx29zpnc-deno-2.1.10"
        },
        "aarch64-linux": {
          "outputs": [
            {
              "name": "out",
              "path": "/nix/store/9g3p6viy0yl4vb8zzfb4dn87avms63wm-deno-2.1.10",
              "default": true
            }
          ],
          "store_path": "/nix/store/9g3p6viy0yl4vb8zzfb4dn87avms63wm-deno-2.1.10"
        },
        "x86_64-darwin": {
          "outputs": [
            {
              "name": "out",
              "path": "/nix/store/yasx5sdg4zja6s419rcjz43zn7xsr3yr-deno-2.1.10",
              "default": true
            }
          ],
          "store_path": "/nix/store/yasx5sdg4zja6s419rcjz43zn7xsr3yr-deno-2.1.10"
        },
        "x86_64-linux": {
          "outputs": [
            {
              "name": "out",
              "path": "/nix/store/k9rjv96rpcb44w8wfjdyfis509qsmf7m-deno-2.1.10",
              "default": true
            }
          ],
          "store_path": "/nix/store/k9rjv96rpcb44w8wfjdyfis509qsmf7m-deno-2.1.10"
        }
      }
    },
    "github:NixOS/nixpkgs/nixpkgs-unstable": {
      "resolved": "github:NixOS/nixpkgs/2d068ae5c6516b2d04562de50a58c682540de9bf?lastModified=1740303746&narHash=sha256-XcdiWLEhjJkMxDLKQJ0CCivmYYCvA5MDxu9pMybM5kM%3D"
    }
  }
}
