{
  "lockfile_version": "1",
  "packages": {
    "deno@latest": {
      "last_modified": "2025-02-26T05:29:08Z",
      "resolved": "github:NixOS/nixpkgs/3a05eebede89661660945da1f151959900903b6a#deno",
      "source": "devbox-search",
      "version": "2.2.2",
      "systems": {
        "aarch64-darwin": {
          "outputs": [
            {
              "name": "out",
              "path": "/nix/store/iv8fa6gnj592fm01rfxpklwvfz4qmcql-deno-2.2.2",
              "default": true
            }
          ],
          "store_path": "/nix/store/iv8fa6gnj592fm01rfxpklwvfz4qmcql-deno-2.2.2"
        },
        "aarch64-linux": {
          "outputs": [
            {
              "name": "out",
              "path": "/nix/store/f918qzw1khavmm75xhja9iv8gbskvizq-deno-2.2.2",
              "default": true
            }
          ],
          "store_path": "/nix/store/f918qzw1khavmm75xhja9iv8gbskvizq-deno-2.2.2"
        },
        "x86_64-darwin": {
          "outputs": [
            {
              "name": "out",
              "path": "/nix/store/6yprqa7p6dlac28h670wwpp4ds98mxp7-deno-2.2.2",
              "default": true
            }
          ],
          "store_path": "/nix/store/6yprqa7p6dlac28h670wwpp4ds98mxp7-deno-2.2.2"
        },
        "x86_64-linux": {
          "outputs": [
            {
              "name": "out",
              "path": "/nix/store/ixxpyaqcjlmpr8f0k4lzhmcjzlavfpsd-deno-2.2.2",
              "default": true
            }
          ],
          "store_path": "/nix/store/ixxpyaqcjlmpr8f0k4lzhmcjzlavfpsd-deno-2.2.2"
        }
      }
    },
    "github:NixOS/nixpkgs/nixpkgs-unstable": {
      "resolved": "github:NixOS/nixpkgs/02032da4af073d0f6110540c8677f16d4be0117f?lastModified=1741037377&narHash=sha256-SvtvVKHaUX4Owb%2BPasySwZsoc5VUeTf1px34BByiOxw%3D"
    }
  }
}
