{
  "lockfile_version": "1",
  "packages": {
    "action-validator@latest": {
      "last_modified": "2024-07-31T08:48:38Z",
      "resolved": "github:NixOS/nixpkgs/c3392ad349a5227f4a3464dce87bcc5046692fce#action-validator",
      "source": "devbox-search",
      "version": "0.6.0",
      "systems": {
        "aarch64-darwin": {
          "outputs": [
            {
              "name": "out",
              "path": "/nix/store/kihz5yzh2skhrhivq8x9223a2k3l7xps-action-validator-0.6.0",
              "default": true
            }
          ],
          "store_path": "/nix/store/kihz5yzh2skhrhivq8x9223a2k3l7xps-action-validator-0.6.0"
        },
        "aarch64-linux": {
          "outputs": [
            {
              "name": "out",
              "path": "/nix/store/zxky68if3bnkciq1fha26wgk6s73i27f-action-validator-0.6.0",
              "default": true
            }
          ],
          "store_path": "/nix/store/zxky68if3bnkciq1fha26wgk6s73i27f-action-validator-0.6.0"
        },
        "x86_64-darwin": {
          "outputs": [
            {
              "name": "out",
              "path": "/nix/store/6xzy5y8dh92zfymv41b4pxzc0h7fm11h-action-validator-0.6.0",
              "default": true
            }
          ],
          "store_path": "/nix/store/6xzy5y8dh92zfymv41b4pxzc0h7fm11h-action-validator-0.6.0"
        },
        "x86_64-linux": {
          "outputs": [
            {
              "name": "out",
              "path": "/nix/store/6g1f1sykh53kfffny6905mnzxf7b62b5-action-validator-0.6.0",
              "default": true
            }
          ],
          "store_path": "/nix/store/6g1f1sykh53kfffny6905mnzxf7b62b5-action-validator-0.6.0"
        }
      }
    },
    "github:NixOS/nixpkgs/nixpkgs-unstable": {
      "resolved": "github:NixOS/nixpkgs/dad564433178067be1fbdfcce23b546254b6d641?lastModified=1740019556&narHash=sha256-vn285HxnnlHLWnv59Og7muqECNMS33mWLM14soFIv2g%3D"
    },
    "go@latest": {
      "last_modified": "2024-04-19T17:36:04-04:00",
      "resolved": "github:NixOS/nixpkgs/92d295f588631b0db2da509f381b4fb1e74173c5#go",
      "source": "devbox-search",
      "version": "1.22.2",
      "systems": {
        "aarch64-darwin": {
          "outputs": [
            {
              "name": "out",
              "path": "/nix/store/x7gzwywk7mvjamdyc4n45fh62jks7lma-go-1.22.2",
              "default": true
            }
          ],
          "store_path": "/nix/store/x7gzwywk7mvjamdyc4n45fh62jks7lma-go-1.22.2"
        },
        "aarch64-linux": {
          "outputs": [
            {
              "name": "out",
              "path": "/nix/store/ka1iykac1bfvy98p9g2ii3xn2fnl98cn-go-1.22.2",
              "default": true
            }
          ],
          "store_path": "/nix/store/ka1iykac1bfvy98p9g2ii3xn2fnl98cn-go-1.22.2"
        },
        "x86_64-darwin": {
          "outputs": [
            {
              "name": "out",
              "path": "/nix/store/s26vypls3i2rvprj2jq7l1ypb5y12mq9-go-1.22.2",
              "default": true
            }
          ],
          "store_path": "/nix/store/s26vypls3i2rvprj2jq7l1ypb5y12mq9-go-1.22.2"
        },
        "x86_64-linux": {
          "outputs": [
            {
              "name": "out",
              "path": "/nix/store/9kriq85qac7phcxgpdqbqr25vlr61ifw-go-1.22.2",
              "default": true
            }
          ],
          "store_path": "/nix/store/9kriq85qac7phcxgpdqbqr25vlr61ifw-go-1.22.2"
        }
      }
    },
    "golangci-lint@latest": {
      "last_modified": "2024-04-19T17:36:04-04:00",
      "resolved": "github:NixOS/nixpkgs/92d295f588631b0db2da509f381b4fb1e74173c5#golangci-lint",
      "source": "devbox-search",
      "version": "1.57.2",
      "systems": {
        "aarch64-darwin": {
          "outputs": [
            {
              "name": "out",
              "path": "/nix/store/v65kn6pxwkj281pyx3ns5d7rlp0sp762-golangci-lint-1.57.2",
              "default": true
            }
          ],
          "store_path": "/nix/store/v65kn6pxwkj281pyx3ns5d7rlp0sp762-golangci-lint-1.57.2"
        },
        "aarch64-linux": {
          "outputs": [
            {
              "name": "out",
              "path": "/nix/store/8gn8xyjpw24670wixdy2hrqpy91fjgv5-golangci-lint-1.57.2",
              "default": true
            }
          ],
          "store_path": "/nix/store/8gn8xyjpw24670wixdy2hrqpy91fjgv5-golangci-lint-1.57.2"
        },
        "x86_64-darwin": {
          "outputs": [
            {
              "name": "out",
              "path": "/nix/store/ws2rl2l8p4zjqx0zqwm1r57qqjwbzxly-golangci-lint-1.57.2",
              "default": true
            }
          ],
          "store_path": "/nix/store/ws2rl2l8p4zjqx0zqwm1r57qqjwbzxly-golangci-lint-1.57.2"
        },
        "x86_64-linux": {
          "outputs": [
            {
              "name": "out",
              "path": "/nix/store/n2ng9hhfwvr480wvv45837hqsivaaqdp-golangci-lint-1.57.2",
              "default": true
            }
          ],
          "store_path": "/nix/store/n2ng9hhfwvr480wvv45837hqsivaaqdp-golangci-lint-1.57.2"
        }
      }
    },
    "runx:mvdan/gofumpt@latest": {
      "resolved": "mvdan/gofumpt@v0.7.0",
      "version": "v0.7.0"
    }
  }
}
