{
  "lockfile_version": "1",
  "packages": {
    "action-validator@latest": {
      "last_modified": "2025-02-07T11:26:36Z",
      "resolved": "github:NixOS/nixpkgs/d98abf5cf5914e5e4e9d57205e3af55ca90ffc1d#action-validator",
      "source": "devbox-search",
      "version": "0.6.0",
      "systems": {
        "aarch64-darwin": {
          "outputs": [
            {
              "name": "out",
              "path": "/nix/store/h4gnyvzr6s4c3zm9gz2y7qgs7f3avw1l-action-validator-0.6.0",
              "default": true
            }
          ],
          "store_path": "/nix/store/h4gnyvzr6s4c3zm9gz2y7qgs7f3avw1l-action-validator-0.6.0"
        },
        "aarch64-linux": {
          "outputs": [
            {
              "name": "out",
              "path": "/nix/store/zi2v9d267ijfhvbsx7c1854fv530ay20-action-validator-0.6.0",
              "default": true
            }
          ],
          "store_path": "/nix/store/zi2v9d267ijfhvbsx7c1854fv530ay20-action-validator-0.6.0"
        },
        "x86_64-darwin": {
          "outputs": [
            {
              "name": "out",
              "path": "/nix/store/xpgb2iva54khv6yhhxzybxgf3q1lflna-action-validator-0.6.0",
              "default": true
            }
          ],
          "store_path": "/nix/store/xpgb2iva54khv6yhhxzybxgf3q1lflna-action-validator-0.6.0"
        },
        "x86_64-linux": {
          "outputs": [
            {
              "name": "out",
              "path": "/nix/store/bsapds311h2xndwz1p5k42k96as9xvl7-action-validator-0.6.0",
              "default": true
            }
          ],
          "store_path": "/nix/store/bsapds311h2xndwz1p5k42k96as9xvl7-action-validator-0.6.0"
        }
      }
    },
    "github:NixOS/nixpkgs/nixpkgs-unstable": {
      "resolved": "github:NixOS/nixpkgs/b58e19b11fe72175fd7a9e014a4786a91e99da5f?lastModified=1740916017&narHash=sha256-Ze%2F3XCElkVljFCnBKezLldOz2ZaGp7eozxRqFzACnMI%3D"
    },
    "go@latest": {
      "last_modified": "2025-02-12T00:10:52Z",
      "resolved": "github:NixOS/nixpkgs/83a2581c81ff5b06f7c1a4e7cc736a455dfcf7b4#go_1_24",
      "source": "devbox-search",
      "version": "1.24.0",
      "systems": {
        "aarch64-darwin": {
          "outputs": [
            {
              "name": "out",
              "path": "/nix/store/qldcnifalkvyah0wnv7m4zb854yd9l88-go-1.24.0",
              "default": true
            }
          ],
          "store_path": "/nix/store/qldcnifalkvyah0wnv7m4zb854yd9l88-go-1.24.0"
        },
        "aarch64-linux": {
          "outputs": [
            {
              "name": "out",
              "path": "/nix/store/rrxgml7w4pfmibjbspkdvrw8vd2vnarb-go-1.24.0",
              "default": true
            }
          ],
          "store_path": "/nix/store/rrxgml7w4pfmibjbspkdvrw8vd2vnarb-go-1.24.0"
        },
        "x86_64-darwin": {
          "outputs": [
            {
              "name": "out",
              "path": "/nix/store/7imv22pl4qrjwvi6jzlfb305rc2min45-go-1.24.0",
              "default": true
            }
          ],
          "store_path": "/nix/store/7imv22pl4qrjwvi6jzlfb305rc2min45-go-1.24.0"
        },
        "x86_64-linux": {
          "outputs": [
            {
              "name": "out",
              "path": "/nix/store/vh5d5bj1sljdhdypy80x1ydx2jx6rv2q-go-1.24.0",
              "default": true
            }
          ],
          "store_path": "/nix/store/vh5d5bj1sljdhdypy80x1ydx2jx6rv2q-go-1.24.0"
        }
      }
    },
    "runx:golangci/golangci-lint@latest": {
      "resolved": "golangci/golangci-lint@v1.64.6",
      "version": "v1.64.6"
    },
    "runx:mvdan/gofumpt@latest": {
      "resolved": "mvdan/gofumpt@v0.7.0",
      "version": "v0.7.0"
    }
  }
}
