{
  "lockfile_version": "1",
  "packages": {
    "buf@latest": {
      "last_modified": "2024-07-07T16:08:25Z",
      "resolved": "github:NixOS/nixpkgs/ab82a9612aa45284d4adf69ee81871a389669a9e#buf",
      "source": "devbox-search",
      "version": "1.34.0",
      "systems": {
        "aarch64-darwin": {
          "outputs": [
            {
              "name": "out",
              "path": "/nix/store/zv94qh7d1n44l6hhd34bw6ln5swc5y1q-buf-1.34.0",
              "default": true
            }
          ],
          "store_path": "/nix/store/zv94qh7d1n44l6hhd34bw6ln5swc5y1q-buf-1.34.0"
        },
        "aarch64-linux": {
          "outputs": [
            {
              "name": "out",
              "path": "/nix/store/v55mrk5l6l8a5mz8kxpny5y2y0v54761-buf-1.34.0",
              "default": true
            }
          ],
          "store_path": "/nix/store/v55mrk5l6l8a5mz8kxpny5y2y0v54761-buf-1.34.0"
        },
        "x86_64-darwin": {
          "outputs": [
            {
              "name": "out",
              "path": "/nix/store/i39lvdnvm8p4ykx00vkd1n8kqry8malz-buf-1.34.0",
              "default": true
            }
          ],
          "store_path": "/nix/store/i39lvdnvm8p4ykx00vkd1n8kqry8malz-buf-1.34.0"
        },
        "x86_64-linux": {
          "outputs": [
            {
              "name": "out",
              "path": "/nix/store/ra19vmkcxdw1c4aq7rb9z8m8n9403rn9-buf-1.34.0",
              "default": true
            }
          ],
          "store_path": "/nix/store/ra19vmkcxdw1c4aq7rb9z8m8n9403rn9-buf-1.34.0"
        }
      }
    },
    "go@latest": {
      "last_modified": "2024-07-07T16:08:25Z",
      "resolved": "github:NixOS/nixpkgs/ab82a9612aa45284d4adf69ee81871a389669a9e#go",
      "source": "devbox-search",
      "version": "1.22.5",
      "systems": {
        "aarch64-darwin": {
          "outputs": [
            {
              "name": "out",
              "path": "/nix/store/05saqcgidraqmn4z82prsp7rbj9hjmwm-go-1.22.5",
              "default": true
            }
          ],
          "store_path": "/nix/store/05saqcgidraqmn4z82prsp7rbj9hjmwm-go-1.22.5"
        },
        "aarch64-linux": {
          "outputs": [
            {
              "name": "out",
              "path": "/nix/store/b97bbxn6kpysysxb8nxn4k39ffxmp4p6-go-1.22.5",
              "default": true
            }
          ],
          "store_path": "/nix/store/b97bbxn6kpysysxb8nxn4k39ffxmp4p6-go-1.22.5"
        },
        "x86_64-darwin": {
          "outputs": [
            {
              "name": "out",
              "path": "/nix/store/gdyii59c48s4a8q6w584ccgm95qls3lh-go-1.22.5",
              "default": true
            }
          ],
          "store_path": "/nix/store/gdyii59c48s4a8q6w584ccgm95qls3lh-go-1.22.5"
        },
        "x86_64-linux": {
          "outputs": [
            {
              "name": "out",
              "path": "/nix/store/3v17dij8rvg7q99009swxg52995r7s22-go-1.22.5",
              "default": true
            }
          ],
          "store_path": "/nix/store/3v17dij8rvg7q99009swxg52995r7s22-go-1.22.5"
        }
      }
    },
    "protoc-gen-connect-go@latest": {
      "last_modified": "2024-07-07T16:08:25Z",
      "resolved": "github:NixOS/nixpkgs/ab82a9612aa45284d4adf69ee81871a389669a9e#protoc-gen-connect-go",
      "source": "devbox-search",
      "version": "1.16.2",
      "systems": {
        "aarch64-darwin": {
          "outputs": [
            {
              "name": "out",
              "path": "/nix/store/1pl705cy98xh2yyh4dsnbwz0rfi76bsa-protoc-gen-connect-go-1.16.2",
              "default": true
            }
          ],
          "store_path": "/nix/store/1pl705cy98xh2yyh4dsnbwz0rfi76bsa-protoc-gen-connect-go-1.16.2"
        },
        "aarch64-linux": {
          "outputs": [
            {
              "name": "out",
              "path": "/nix/store/42d0vk8p98n7an5d0gsyd3pnp2vh3g2c-protoc-gen-connect-go-1.16.2",
              "default": true
            }
          ],
          "store_path": "/nix/store/42d0vk8p98n7an5d0gsyd3pnp2vh3g2c-protoc-gen-connect-go-1.16.2"
        },
        "x86_64-darwin": {
          "outputs": [
            {
              "name": "out",
              "path": "/nix/store/fp4df5gm59isf4245qps43zylxhgzj6m-protoc-gen-connect-go-1.16.2",
              "default": true
            }
          ],
          "store_path": "/nix/store/fp4df5gm59isf4245qps43zylxhgzj6m-protoc-gen-connect-go-1.16.2"
        },
        "x86_64-linux": {
          "outputs": [
            {
              "name": "out",
              "path": "/nix/store/dmdiliwq0dzlcwz3prm2a7mhxs8vy4wa-protoc-gen-connect-go-1.16.2",
              "default": true
            }
          ],
          "store_path": "/nix/store/dmdiliwq0dzlcwz3prm2a7mhxs8vy4wa-protoc-gen-connect-go-1.16.2"
        }
      }
    },
    "protoc-gen-go@latest": {
      "last_modified": "2024-07-07T16:08:25Z",
      "resolved": "github:NixOS/nixpkgs/ab82a9612aa45284d4adf69ee81871a389669a9e#protoc-gen-go",
      "source": "devbox-search",
      "version": "1.34.2",
      "systems": {
        "aarch64-darwin": {
          "outputs": [
            {
              "name": "out",
              "path": "/nix/store/d3dybvmdlybc7q0lgrn84dj1c6qphzss-protoc-gen-go-1.34.2",
              "default": true
            }
          ],
          "store_path": "/nix/store/d3dybvmdlybc7q0lgrn84dj1c6qphzss-protoc-gen-go-1.34.2"
        },
        "aarch64-linux": {
          "outputs": [
            {
              "name": "out",
              "path": "/nix/store/nh9y1l5g3hh70ffn40gvpsgkzj60im11-protoc-gen-go-1.34.2",
              "default": true
            }
          ],
          "store_path": "/nix/store/nh9y1l5g3hh70ffn40gvpsgkzj60im11-protoc-gen-go-1.34.2"
        },
        "x86_64-darwin": {
          "outputs": [
            {
              "name": "out",
              "path": "/nix/store/is5qrd06dv6l97nch3mr42ym9yaaf22h-protoc-gen-go-1.34.2",
              "default": true
            }
          ],
          "store_path": "/nix/store/is5qrd06dv6l97nch3mr42ym9yaaf22h-protoc-gen-go-1.34.2"
        },
        "x86_64-linux": {
          "outputs": [
            {
              "name": "out",
              "path": "/nix/store/fk456q730sh6qs8by2zg495kacbq0d1s-protoc-gen-go-1.34.2",
              "default": true
            }
          ],
          "store_path": "/nix/store/fk456q730sh6qs8by2zg495kacbq0d1s-protoc-gen-go-1.34.2"
        }
      }
    }
  }
}
