{
  "lockfile_version": "1",
  "packages": {
    "buf@latest": {
      "last_modified": "2024-03-22T11:26:23Z",
      "resolved": "github:NixOS/nixpkgs/a3ed7406349a9335cb4c2a71369b697cecd9d351#buf",
      "source": "devbox-search",
      "version": "1.30.0",
      "systems": {
        "aarch64-darwin": {
          "outputs": [
            {
              "name": "out",
              "path": "/nix/store/nbck9k105i4887zqiik2asvm4kfh75cq-buf-1.30.0",
              "default": true
            }
          ],
          "store_path": "/nix/store/nbck9k105i4887zqiik2asvm4kfh75cq-buf-1.30.0"
        },
        "aarch64-linux": {
          "outputs": [
            {
              "name": "out",
              "path": "/nix/store/ppnmgrv2gzxjhpjpkzpnyvzkq31kvzgd-buf-1.30.0",
              "default": true
            }
          ],
          "store_path": "/nix/store/ppnmgrv2gzxjhpjpkzpnyvzkq31kvzgd-buf-1.30.0"
        },
        "x86_64-darwin": {
          "outputs": [
            {
              "name": "out",
              "path": "/nix/store/x99bnybaldswrm0iyxbl1p3cq9avsfv5-buf-1.30.0",
              "default": true
            }
          ],
          "store_path": "/nix/store/x99bnybaldswrm0iyxbl1p3cq9avsfv5-buf-1.30.0"
        },
        "x86_64-linux": {
          "outputs": [
            {
              "name": "out",
              "path": "/nix/store/0mh2pmnv3rss0n8hd8iji630lw5ksick-buf-1.30.0",
              "default": true
            }
          ],
          "store_path": "/nix/store/0mh2pmnv3rss0n8hd8iji630lw5ksick-buf-1.30.0"
        }
      }
    },
    "go@latest": {
      "last_modified": "2024-03-22T11:26:23Z",
      "resolved": "github:NixOS/nixpkgs/a3ed7406349a9335cb4c2a71369b697cecd9d351#go",
      "source": "devbox-search",
      "version": "1.22.1",
      "systems": {
        "aarch64-darwin": {
          "outputs": [
            {
              "name": "out",
              "path": "/nix/store/n1k6wf8q10q7k0863gb78b1rf0j07r7r-go-1.22.1",
              "default": true
            }
          ],
          "store_path": "/nix/store/n1k6wf8q10q7k0863gb78b1rf0j07r7r-go-1.22.1"
        },
        "aarch64-linux": {
          "outputs": [
            {
              "name": "out",
              "path": "/nix/store/fl6cjlp5bvykfz1kxrw687zxzld25pn7-go-1.22.1",
              "default": true
            }
          ],
          "store_path": "/nix/store/fl6cjlp5bvykfz1kxrw687zxzld25pn7-go-1.22.1"
        },
        "x86_64-darwin": {
          "outputs": [
            {
              "name": "out",
              "path": "/nix/store/xgdp7gnf6vzr2ick2ip1lhq4cww65p7w-go-1.22.1",
              "default": true
            }
          ],
          "store_path": "/nix/store/xgdp7gnf6vzr2ick2ip1lhq4cww65p7w-go-1.22.1"
        },
        "x86_64-linux": {
          "outputs": [
            {
              "name": "out",
              "path": "/nix/store/bp39dh48cdqp89hk5mpdi1lxdf0mjl7x-go-1.22.1",
              "default": true
            }
          ],
          "store_path": "/nix/store/bp39dh48cdqp89hk5mpdi1lxdf0mjl7x-go-1.22.1"
        }
      }
    },
    "protoc-gen-connect-go@latest": {
      "last_modified": "2024-03-23T13:32:18Z",
      "resolved": "github:NixOS/nixpkgs/20bc93ca7b2158ebc99b8cef987a2173a81cde35#protoc-gen-connect-go",
      "source": "devbox-search",
      "version": "1.16.0",
      "systems": {
        "aarch64-darwin": {
          "outputs": [
            {
              "name": "out",
              "path": "/nix/store/xq7p7lrjgpnqkv2jjykbnf17n7gsbjlf-protoc-gen-connect-go-1.16.0",
              "default": true
            }
          ],
          "store_path": "/nix/store/xq7p7lrjgpnqkv2jjykbnf17n7gsbjlf-protoc-gen-connect-go-1.16.0"
        },
        "aarch64-linux": {
          "outputs": [
            {
              "name": "out",
              "path": "/nix/store/25j2v50n6cb122l6g1maa2mmyf2lqhyw-protoc-gen-connect-go-1.16.0",
              "default": true
            }
          ],
          "store_path": "/nix/store/25j2v50n6cb122l6g1maa2mmyf2lqhyw-protoc-gen-connect-go-1.16.0"
        },
        "x86_64-darwin": {
          "outputs": [
            {
              "name": "out",
              "path": "/nix/store/gjw7d2cp8176lqpg763vpwvc5myz5s9l-protoc-gen-connect-go-1.16.0",
              "default": true
            }
          ],
          "store_path": "/nix/store/gjw7d2cp8176lqpg763vpwvc5myz5s9l-protoc-gen-connect-go-1.16.0"
        },
        "x86_64-linux": {
          "outputs": [
            {
              "name": "out",
              "path": "/nix/store/qdbg6krbaxq5gyn9p7s1k64sjjny93gd-protoc-gen-connect-go-1.16.0",
              "default": true
            }
          ],
          "store_path": "/nix/store/qdbg6krbaxq5gyn9p7s1k64sjjny93gd-protoc-gen-connect-go-1.16.0"
        }
      }
    },
    "protoc-gen-go@latest": {
      "last_modified": "2024-03-22T11:26:23Z",
      "resolved": "github:NixOS/nixpkgs/a3ed7406349a9335cb4c2a71369b697cecd9d351#protoc-gen-go",
      "source": "devbox-search",
      "version": "1.33.0",
      "systems": {
        "aarch64-darwin": {
          "outputs": [
            {
              "name": "out",
              "path": "/nix/store/zjgvf16rbm9b39sfk2y19gfxy3ilspd7-protoc-gen-go-1.33.0",
              "default": true
            }
          ],
          "store_path": "/nix/store/zjgvf16rbm9b39sfk2y19gfxy3ilspd7-protoc-gen-go-1.33.0"
        },
        "aarch64-linux": {
          "outputs": [
            {
              "name": "out",
              "path": "/nix/store/zshfjm1qy61lbdnz40gypbwacmz35560-protoc-gen-go-1.33.0",
              "default": true
            }
          ],
          "store_path": "/nix/store/zshfjm1qy61lbdnz40gypbwacmz35560-protoc-gen-go-1.33.0"
        },
        "x86_64-darwin": {
          "outputs": [
            {
              "name": "out",
              "path": "/nix/store/y92xigf7n3c1hgy6by02jxm3bi30lx5c-protoc-gen-go-1.33.0",
              "default": true
            }
          ],
          "store_path": "/nix/store/y92xigf7n3c1hgy6by02jxm3bi30lx5c-protoc-gen-go-1.33.0"
        },
        "x86_64-linux": {
          "outputs": [
            {
              "name": "out",
              "path": "/nix/store/gp6f1am9n29mzlvm6zp9gi7r5g2yxs4w-protoc-gen-go-1.33.0",
              "default": true
            }
          ],
          "store_path": "/nix/store/gp6f1am9n29mzlvm6zp9gi7r5g2yxs4w-protoc-gen-go-1.33.0"
        }
      }
    }
  }
}
