lockfileVersion: '6.0'

settings:
  autoInstallPeers: true
  excludeLinksFromLockfile: false

dependencies:
  '@bufbuild/protobuf':
    specifier: ^1.10.0
    version: 1.10.0
  '@connectrpc/connect':
    specifier: ^1.4.0
    version: 1.4.0(@bufbuild/protobuf@1.10.0)
  '@connectrpc/connect-web':
    specifier: ^1.4.0
    version: 1.4.0(@bufbuild/protobuf@1.10.0)(@connectrpc/connect@1.4.0)
  '@jetify/client':
    specifier: 0.1.0-dev
    version: 0.1.0-dev

packages:

  /@bufbuild/protobuf@1.10.0:
    resolution: {integrity: sha512-QDdVFLoN93Zjg36NoQPZfsVH9tZew7wKDKyV5qRdj8ntT4wQCOradQjRaTdwMhWUYsgKsvCINKKm87FdEk96Ag==}
    dev: false

  /@connectrpc/connect-web@1.4.0(@bufbuild/protobuf@1.10.0)(@connectrpc/connect@1.4.0):
    resolution: {integrity: sha512-13aO4psFbbm7rdOFGV0De2Za64DY/acMspgloDlcOKzLPPs0yZkhp1OOzAQeiAIr7BM/VOHIA3p8mF0inxCYTA==}
    peerDependencies:
      '@bufbuild/protobuf': ^1.4.2
      '@connectrpc/connect': 1.4.0
    dependencies:
      '@bufbuild/protobuf': 1.10.0
      '@connectrpc/connect': 1.4.0(@bufbuild/protobuf@1.10.0)
    dev: false

  /@connectrpc/connect@1.4.0(@bufbuild/protobuf@1.10.0):
    resolution: {integrity: sha512-vZeOkKaAjyV4+RH3+rJZIfDFJAfr+7fyYr6sLDKbYX3uuTVszhFe9/YKf5DNqrDb5cKdKVlYkGn6DTDqMitAnA==}
    peerDependencies:
      '@bufbuild/protobuf': ^1.4.2
    dependencies:
      '@bufbuild/protobuf': 1.10.0
    dev: false

  /@jetify/client@0.1.0-dev:
    resolution: {integrity: sha512-DQfArQy3JwKWc83wL1ae1PvQfd6sSWGJmaEaFPNMwJHFJU3kY0+v/7JBln8SC4ISSUN0GblTISdvKSw9EB+W5A==}
    engines: {node: '>=18'}
    dependencies:
      '@bufbuild/protobuf': 1.10.0
      '@connectrpc/connect': 1.4.0(@bufbuild/protobuf@1.10.0)
      '@connectrpc/connect-web': 1.4.0(@bufbuild/protobuf@1.10.0)(@connectrpc/connect@1.4.0)
    dev: false
