{
  "nodes": {
    "nixtest": {
      "locked": {
        "lastModified": 1,
        "narHash": "sha256-r5X7Uee9LEJpPM0J1BtRUf6ADEp3BAYSQvsIBrtxN+E=",
        "path": "/nix/store/bzim2sjv4xyzgmysqwl7wwnmhyh4yvyw-source/nixtest",
        "type": "path"
      },
      "original": {
        "path": "/nix/store/bzim2sjv4xyzgmysqwl7wwnmhyh4yvyw-source/nixtest",
        "type": "path"
      }
    },
    "root": {
      "inputs": {
        "nixtest": "nixtest"
      }
    }
  },
  "root": "root",
  "version": 7
}
