{
  "lockfile_version": "1",
  "packages": {
    "github:NixOS/nixpkgs/nixpkgs-unstable": {
      "resolved": "github:NixOS/nixpkgs/02032da4af073d0f6110540c8677f16d4be0117f?lastModified=1741037377&narHash=sha256-SvtvVKHaUX4Owb%2BPasySwZsoc5VUeTf1px34BByiOxw%3D"
    },
    "python@3.11": {
      "last_modified": "2025-02-07T11:26:36Z",
      "plugin_version": "0.0.4",
      "resolved": "github:NixOS/nixpkgs/d98abf5cf5914e5e4e9d57205e3af55ca90ffc1d#python311",
      "source": "devbox-search",
      "version": "3.11.11",
      "systems": {
        "aarch64-darwin": {
          "outputs": [
            {
              "name": "out",
              "path": "/nix/store/p8cd5z09ranvxg3s5yapraag6m4ka4qb-python3-3.11.11",
              "default": true
            }
          ],
          "store_path": "/nix/store/p8cd5z09ranvxg3s5yapraag6m4ka4qb-python3-3.11.11"
        },
        "aarch64-linux": {
          "outputs": [
            {
              "name": "out",
              "path": "/nix/store/i7svvkm9ndrh1kwr4xhkh0df1d78fcjs-python3-3.11.11",
              "default": true
            },
            {
              "name": "debug",
              "path": "/nix/store/gwicdi09hhln3vg650zkgm9c0maci7l1-python3-3.11.11-debug"
            }
          ],
          "store_path": "/nix/store/i7svvkm9ndrh1kwr4xhkh0df1d78fcjs-python3-3.11.11"
        },
        "x86_64-darwin": {
          "outputs": [
            {
              "name": "out",
              "path": "/nix/store/sr93yld4gx5mj6zx9217q11g2hd1nzjl-python3-3.11.11",
              "default": true
            }
          ],
          "store_path": "/nix/store/sr93yld4gx5mj6zx9217q11g2hd1nzjl-python3-3.11.11"
        },
        "x86_64-linux": {
          "outputs": [
            {
              "name": "out",
              "path": "/nix/store/gzl581vkwymk2iys5zz6k1k1zdf03ba1-python3-3.11.11",
              "default": true
            },
            {
              "name": "debug",
              "path": "/nix/store/1jhiyg13j8w45ix39c687csv22shqdss-python3-3.11.11-debug"
            }
          ],
          "store_path": "/nix/store/gzl581vkwymk2iys5zz6k1k1zdf03ba1-python3-3.11.11"
        }
      }
    }
  }
}
