{
  "lockfile_version": "1",
  "packages": {
    "python@3.11": {
      "last_modified": "2024-05-22T06:18:38Z",
      "plugin_version": "0.0.3",
      "resolved": "github:NixOS/nixpkgs/3f316d2a50699a78afe5e77ca486ad553169061e#python3",
      "source": "devbox-search",
      "version": "3.11.9",
      "systems": {
        "aarch64-darwin": {
          "outputs": [
            {
              "name": "out",
              "path": "/nix/store/0hhzvkw889bsybhqxy12ky4jx6a95p2d-python3-3.11.9",
              "default": true
            }
          ],
          "store_path": "/nix/store/0hhzvkw889bsybhqxy12ky4jx6a95p2d-python3-3.11.9"
        },
        "aarch64-linux": {
          "outputs": [
            {
              "name": "out",
              "path": "/nix/store/czlizmr5dmpxi7ysqknxys82776hldgk-python3-3.11.9",
              "default": true
            },
            {
              "name": "debug",
              "path": "/nix/store/2idn7bihgcmagk370mpjxjahqg3zza8k-python3-3.11.9-debug"
            }
          ],
          "store_path": "/nix/store/czlizmr5dmpxi7ysqknxys82776hldgk-python3-3.11.9"
        },
        "x86_64-darwin": {
          "outputs": [
            {
              "name": "out",
              "path": "/nix/store/6jy28lfjr42adzi10p158aq6m1q9qgs0-python3-3.11.9",
              "default": true
            }
          ],
          "store_path": "/nix/store/6jy28lfjr42adzi10p158aq6m1q9qgs0-python3-3.11.9"
        },
        "x86_64-linux": {
          "outputs": [
            {
              "name": "out",
              "path": "/nix/store/7hnr99nxrd2aw6lghybqdmkckq60j6l9-python3-3.11.9",
              "default": true
            },
            {
              "name": "debug",
              "path": "/nix/store/cgkq1k9jzimkd9amyxk2achhf770xj0n-python3-3.11.9-debug"
            }
          ],
          "store_path": "/nix/store/7hnr99nxrd2aw6lghybqdmkckq60j6l9-python3-3.11.9"
        }
      }
    }
  }
}
