{
  "lockfile_version": "1",
  "packages": {
    "github:NixOS/nixpkgs/nixpkgs-unstable": {
      "resolved": "github:NixOS/nixpkgs/02032da4af073d0f6110540c8677f16d4be0117f?lastModified=1741037377&narHash=sha256-SvtvVKHaUX4Owb%2BPasySwZsoc5VUeTf1px34BByiOxw%3D"
    },
    "php83Packages.composer@latest": {
      "last_modified": "2025-02-18T07:26:52Z",
      "resolved": "github:NixOS/nixpkgs/632f04521e847173c54fa72973ec6c39a371211c#php83Packages.composer",
      "source": "devbox-search",
      "version": "2.8.5",
      "systems": {
        "aarch64-darwin": {
          "outputs": [
            {
              "name": "out",
              "path": "/nix/store/cy614vcp03c49qi6cc40ys6663m31qvh-composer-2.8.5",
              "default": true
            }
          ],
          "store_path": "/nix/store/cy614vcp03c49qi6cc40ys6663m31qvh-composer-2.8.5"
        },
        "aarch64-linux": {
          "outputs": [
            {
              "name": "out",
              "path": "/nix/store/n1lscb1q8jpq4gq678fpblz5ixpgipd6-composer-2.8.5",
              "default": true
            }
          ],
          "store_path": "/nix/store/n1lscb1q8jpq4gq678fpblz5ixpgipd6-composer-2.8.5"
        },
        "x86_64-darwin": {
          "outputs": [
            {
              "name": "out",
              "path": "/nix/store/bnxq04x2x2nr4yn1mj0nc2fh55higa3c-composer-2.8.5",
              "default": true
            }
          ],
          "store_path": "/nix/store/bnxq04x2x2nr4yn1mj0nc2fh55higa3c-composer-2.8.5"
        },
        "x86_64-linux": {
          "outputs": [
            {
              "name": "out",
              "path": "/nix/store/fwa994i97hznpxw4i6l04l88igf60ch8-composer-2.8.5",
              "default": true
            }
          ],
          "store_path": "/nix/store/fwa994i97hznpxw4i6l04l88igf60ch8-composer-2.8.5"
        }
      }
    },
    "php@latest": {
      "last_modified": "2024-07-17T09:45:27Z",
      "plugin_version": "0.0.3",
      "resolved": "github:NixOS/nixpkgs/5e73714b16ca222dcb2fc3ea2618fd7ba698da65#php83",
      "source": "devbox-search",
      "version": "8.3.9",
      "systems": {
        "aarch64-darwin": {
          "outputs": [
            {
              "name": "out",
              "path": "/nix/store/7s8gbsv72n1sj7aaj1r4mb20yjxi6p37-php-with-extensions-8.3.9",
              "default": true
            }
          ],
          "store_path": "/nix/store/7s8gbsv72n1sj7aaj1r4mb20yjxi6p37-php-with-extensions-8.3.9"
        },
        "aarch64-linux": {
          "outputs": [
            {
              "name": "out",
              "path": "/nix/store/639h4b8z7d3zi4c0gw25i9ydpi7cdvhx-php-with-extensions-8.3.9",
              "default": true
            }
          ],
          "store_path": "/nix/store/639h4b8z7d3zi4c0gw25i9ydpi7cdvhx-php-with-extensions-8.3.9"
        },
        "x86_64-darwin": {
          "outputs": [
            {
              "name": "out",
              "path": "/nix/store/28gmm3qczq1snh7znnh6f818w1qcxy20-php-with-extensions-8.3.9",
              "default": true
            }
          ],
          "store_path": "/nix/store/28gmm3qczq1snh7znnh6f818w1qcxy20-php-with-extensions-8.3.9"
        },
        "x86_64-linux": {
          "outputs": [
            {
              "name": "out",
              "path": "/nix/store/gnrr9xclr8vq6bbqkd08fsk5a3gg70b0-php-with-extensions-8.3.9",
              "default": true
            }
          ],
          "store_path": "/nix/store/gnrr9xclr8vq6bbqkd08fsk5a3gg70b0-php-with-extensions-8.3.9"
        }
      }
    }
  }
}
