{
  "lockfile_version": "1",
  "packages": {
    "github:NixOS/nixpkgs/nixpkgs-unstable": {
      "resolved": "github:NixOS/nixpkgs/2d068ae5c6516b2d04562de50a58c682540de9bf?lastModified=1740303746&narHash=sha256-XcdiWLEhjJkMxDLKQJ0CCivmYYCvA5MDxu9pMybM5kM%3D"
    },
    "php83Packages.composer@latest": {
      "last_modified": "2025-02-07T20:06:47Z",
      "resolved": "github:NixOS/nixpkgs/e8d0b02af0958823c955aaab3c82b03f54411d91#php83Packages.composer",
      "source": "devbox-search",
      "version": "2.8.5",
      "systems": {
        "aarch64-darwin": {
          "outputs": [
            {
              "name": "out",
              "path": "/nix/store/nlwdpblf0s0yj78snv0fpa8w1yl9vz73-composer-2.8.5",
              "default": true
            }
          ],
          "store_path": "/nix/store/nlwdpblf0s0yj78snv0fpa8w1yl9vz73-composer-2.8.5"
        },
        "aarch64-linux": {
          "outputs": [
            {
              "name": "out",
              "path": "/nix/store/3ljp6h2p7wgi3jj14ry735h8j1wm0s2r-composer-2.8.5",
              "default": true
            }
          ],
          "store_path": "/nix/store/3ljp6h2p7wgi3jj14ry735h8j1wm0s2r-composer-2.8.5"
        },
        "x86_64-darwin": {
          "outputs": [
            {
              "name": "out",
              "path": "/nix/store/hb80sxmsnyncx1wiqilx1q5gjv8bsjij-composer-2.8.5",
              "default": true
            }
          ],
          "store_path": "/nix/store/hb80sxmsnyncx1wiqilx1q5gjv8bsjij-composer-2.8.5"
        },
        "x86_64-linux": {
          "outputs": [
            {
              "name": "out",
              "path": "/nix/store/xavp4568sz1xfah3pgviikpvvd9g2h1f-composer-2.8.5",
              "default": true
            }
          ],
          "store_path": "/nix/store/xavp4568sz1xfah3pgviikpvvd9g2h1f-composer-2.8.5"
        }
      }
    },
    "php@latest": {
      "last_modified": "2024-07-17T09:45:27Z",
      "plugin_version": "0.0.3",
      "resolved": "github:NixOS/nixpkgs/5e73714b16ca222dcb2fc3ea2618fd7ba698da65#php83",
      "source": "devbox-search",
      "version": "8.3.9",
      "systems": {
        "aarch64-darwin": {
          "outputs": [
            {
              "name": "out",
              "path": "/nix/store/7s8gbsv72n1sj7aaj1r4mb20yjxi6p37-php-with-extensions-8.3.9",
              "default": true
            }
          ],
          "store_path": "/nix/store/7s8gbsv72n1sj7aaj1r4mb20yjxi6p37-php-with-extensions-8.3.9"
        },
        "aarch64-linux": {
          "outputs": [
            {
              "name": "out",
              "path": "/nix/store/639h4b8z7d3zi4c0gw25i9ydpi7cdvhx-php-with-extensions-8.3.9",
              "default": true
            }
          ],
          "store_path": "/nix/store/639h4b8z7d3zi4c0gw25i9ydpi7cdvhx-php-with-extensions-8.3.9"
        },
        "x86_64-darwin": {
          "outputs": [
            {
              "name": "out",
              "path": "/nix/store/28gmm3qczq1snh7znnh6f818w1qcxy20-php-with-extensions-8.3.9",
              "default": true
            }
          ],
          "store_path": "/nix/store/28gmm3qczq1snh7znnh6f818w1qcxy20-php-with-extensions-8.3.9"
        },
        "x86_64-linux": {
          "outputs": [
            {
              "name": "out",
              "path": "/nix/store/gnrr9xclr8vq6bbqkd08fsk5a3gg70b0-php-with-extensions-8.3.9",
              "default": true
            }
          ],
          "store_path": "/nix/store/gnrr9xclr8vq6bbqkd08fsk5a3gg70b0-php-with-extensions-8.3.9"
        }
      }
    }
  }
}
