{
  "lockfile_version": "1",
  "packages": {
    "buf@latest": {
      "last_modified": "2025-02-07T11:26:36Z",
      "resolved": "github:NixOS/nixpkgs/d98abf5cf5914e5e4e9d57205e3af55ca90ffc1d#buf",
      "source": "devbox-search",
      "version": "1.50.0",
      "systems": {
        "aarch64-darwin": {
          "outputs": [
            {
              "name": "out",
              "path": "/nix/store/z3zh7ik0234jjzmzrf8s75jcn4bl7iln-buf-1.50.0",
              "default": true
            }
          ],
          "store_path": "/nix/store/z3zh7ik0234jjzmzrf8s75jcn4bl7iln-buf-1.50.0"
        },
        "aarch64-linux": {
          "outputs": [
            {
              "name": "out",
              "path": "/nix/store/drp9ix6dppvlb83ys2q4127gsccjqw5y-buf-1.50.0",
              "default": true
            }
          ],
          "store_path": "/nix/store/drp9ix6dppvlb83ys2q4127gsccjqw5y-buf-1.50.0"
        },
        "x86_64-darwin": {
          "outputs": [
            {
              "name": "out",
              "path": "/nix/store/jmk9rp189ab0q7g1lk2w32mn54iczq4b-buf-1.50.0",
              "default": true
            }
          ],
          "store_path": "/nix/store/jmk9rp189ab0q7g1lk2w32mn54iczq4b-buf-1.50.0"
        },
        "x86_64-linux": {
          "outputs": [
            {
              "name": "out",
              "path": "/nix/store/a8lkf21x673b56wap5yi53g7p4138w98-buf-1.50.0",
              "default": true
            }
          ],
          "store_path": "/nix/store/a8lkf21x673b56wap5yi53g7p4138w98-buf-1.50.0"
        }
      }
    },
    "github:NixOS/nixpkgs/nixpkgs-unstable": {
      "resolved": "github:NixOS/nixpkgs/02032da4af073d0f6110540c8677f16d4be0117f?lastModified=1741037377&narHash=sha256-SvtvVKHaUX4Owb%2BPasySwZsoc5VUeTf1px34BByiOxw%3D"
    }
  }
}
